
Microsoft Visual Studio Solution File, Format Version 12.00
# Visual Studio 2013
VisualStudioVersion = 12.0.21005.1
MinimumVisualStudioVersion = 10.0.40219.1
Project("{FAE04EC0-301F-11D3-BF4B-00C04F79EFBC}") = "Book Keeper WPF", "Book Keeper\Book Keeper WPF.csproj", "{D0DCBDBB-8FA7-4488-ADD8-1FD76BB550FF}"
	ProjectSection(ProjectDependencies) = postProject
		{C4C72217-4065-4A00-A825-96F325F001FE} = {C4C72217-4065-4A00-A825-96F325F001FE}
	EndProjectSection
EndProject
Project("{FAE04EC0-301F-11D3-BF4B-00C04F79EFBC}") = "Book Keeper WCF Service", "Book Keeper WCF Service\Book Keeper WCF Service.csproj", "{C4C72217-4065-4A00-A825-96F325F001FE}"
EndProject
Global
	GlobalSection(SolutionConfigurationPlatforms) = preSolution
		Debug|Any CPU = Debug|Any CPU
		Release|Any CPU = Release|Any CPU
	EndGlobalSection
	GlobalSection(ProjectConfigurationPlatforms) = postSolution
		{D0DCBDBB-8FA7-4488-ADD8-1FD76BB550FF}.Debug|Any CPU.ActiveCfg = Debug|Any CPU
		{D0DCBDBB-8FA7-4488-ADD8-1FD76BB550FF}.Debug|Any CPU.Build.0 = Debug|Any CPU
		{D0DCBDBB-8FA7-4488-ADD8-1FD76BB550FF}.Release|Any CPU.ActiveCfg = Release|Any CPU
		{D0DCBDBB-8FA7-4488-ADD8-1FD76BB550FF}.Release|Any CPU.Build.0 = Release|Any CPU
		{C4C72217-4065-4A00-A825-96F325F001FE}.Debug|Any CPU.ActiveCfg = Debug|Any CPU
		{C4C72217-4065-4A00-A825-96F325F001FE}.Debug|Any CPU.Build.0 = Debug|Any CPU
		{C4C72217-4065-4A00-A825-96F325F001FE}.Release|Any CPU.ActiveCfg = Release|Any CPU
		{C4C72217-4065-4A00-A825-96F325F001FE}.Release|Any CPU.Build.0 = Release|Any CPU
	EndGlobalSection
	GlobalSection(SolutionProperties) = preSolution
		HideSolutionNode = FALSE
	EndGlobalSection
EndGlobal
